// !$*UTF8*$!
{
	archiveVersion = 1;
	classes = {
	};
	objectVersion = 56;
	objects = {

/* Begin PBXBuildFile section */
		267DEE6F2BAB2887002A0525 /* TabbarLayoutView.swift in Sources */ = {isa = PBXBuildFile; fileRef = 267DEE6E2BAB2887002A0525 /* TabbarLayoutView.swift */; };
		269B06E52BA9D969006D744C /* RecordView.swift in Sources */ = {isa = PBXBuildFile; fileRef = 269B06E42BA9D969006D744C /* RecordView.swift */; };
		26C6BE682BA1F00000D0251C /* HomeView.swift in Sources */ = {isa = PBXBuildFile; fileRef = 26C6BE672BA1F00000D0251C /* HomeView.swift */; };
		26C6BE6A2BA1F08100D0251C /* FindView.swift in Sources */ = {isa = PBXBuildFile; fileRef = 26C6BE692BA1F08100D0251C /* FindView.swift */; };
		26C6BE6C2BA1F0DD00D0251C /* FollowView.swift in Sources */ = {isa = PBXBuildFile; fileRef = 26C6BE6B2BA1F0DD00D0251C /* FollowView.swift */; };
		26C6BE6E2BA1F13400D0251C /* VicinityView.swift in Sources */ = {isa = PBXBuildFile; fileRef = 26C6BE6D2BA1F13400D0251C /* VicinityView.swift */; };
		26C6BE712BA315B800D0251C /* ShoppingView.swift in Sources */ = {isa = PBXBuildFile; fileRef = 26C6BE702BA315B800D0251C /* ShoppingView.swift */; };
		26C6BE742BA6EAED00D0251C /* CardData.swift in Sources */ = {isa = PBXBuildFile; fileRef = 26C6BE732BA6EAED00D0251C /* CardData.swift */; };
		9D6C223C2BA18435009951DC /* small_red_bookApp.swift in Sources */ = {isa = PBXBuildFile; fileRef = 9D6C223B2BA18435009951DC /* small_red_bookApp.swift */; };
		9D6C223E2BA18435009951DC /* ContentView.swift in Sources */ = {isa = PBXBuildFile; fileRef = 9D6C223D2BA18435009951DC /* ContentView.swift */; };
		9D6C22402BA18437009951DC /* Assets.xcassets in Resources */ = {isa = PBXBuildFile; fileRef = 9D6C223F2BA18437009951DC /* Assets.xcassets */; };
		9D6C22432BA18437009951DC /* Preview Assets.xcassets in Resources */ = {isa = PBXBuildFile; fileRef = 9D6C22422BA18437009951DC /* Preview Assets.xcassets */; };
		9D6C224F2BA29DD6009951DC /* ImageStyle.swift in Sources */ = {isa = PBXBuildFile; fileRef = 9D6C224E2BA29DD6009951DC /* ImageStyle.swift */; };
		9D6C22542BA2DBD0009951DC /* NavBarView.swift in Sources */ = {isa = PBXBuildFile; fileRef = 9D6C22532BA2DBD0009951DC /* NavBarView.swift */; };
		9D6C22562BA2DBE4009951DC /* NavBarPopupView.swift in Sources */ = {isa = PBXBuildFile; fileRef = 9D6C22552BA2DBE4009951DC /* NavBarPopupView.swift */; };
		9D6C225A2BA2E9C7009951DC /* ArticleCardView.swift in Sources */ = {isa = PBXBuildFile; fileRef = 9D6C22592BA2E9C7009951DC /* ArticleCardView.swift */; };
		9D6C225D2BA2EA95009951DC /* TabbarView.swift in Sources */ = {isa = PBXBuildFile; fileRef = 9D6C225C2BA2EA95009951DC /* TabbarView.swift */; };
		9D6C22602BA2F3B5009951DC /* MessageView.swift in Sources */ = {isa = PBXBuildFile; fileRef = 9D6C225F2BA2F3B5009951DC /* MessageView.swift */; };
		9D6C22642BA2F623009951DC /* CardView.swift in Sources */ = {isa = PBXBuildFile; fileRef = 9D6C22632BA2F623009951DC /* CardView.swift */; };
		9D6C22662BA3006C009951DC /* TextStyle.swift in Sources */ = {isa = PBXBuildFile; fileRef = 9D6C22652BA3006C009951DC /* TextStyle.swift */; };
		9D6C22692BA307A0009951DC /* MineView.swift in Sources */ = {isa = PBXBuildFile; fileRef = 9D6C22682BA307A0009951DC /* MineView.swift */; };
		9D6C226C2BA3EC2A009951DC /* ArticleDetailView.swift in Sources */ = {isa = PBXBuildFile; fileRef = 9D6C226B2BA3EC2A009951DC /* ArticleDetailView.swift */; };
/* End PBXBuildFile section */

/* Begin PBXFileReference section */
		267DEE6E2BAB2887002A0525 /* TabbarLayoutView.swift */ = {isa = PBXFileReference; lastKnownFileType = sourcecode.swift; path = TabbarLayoutView.swift; sourceTree = "<group>"; };
		269B06E42BA9D969006D744C /* RecordView.swift */ = {isa = PBXFileReference; lastKnownFileType = sourcecode.swift; path = RecordView.swift; sourceTree = "<group>"; };
		26C6BE672BA1F00000D0251C /* HomeView.swift */ = {isa = PBXFileReference; lastKnownFileType = sourcecode.swift; path = HomeView.swift; sourceTree = "<group>"; };
		26C6BE692BA1F08100D0251C /* FindView.swift */ = {isa = PBXFileReference; lastKnownFileType = sourcecode.swift; path = FindView.swift; sourceTree = "<group>"; };
		26C6BE6B2BA1F0DD00D0251C /* FollowView.swift */ = {isa = PBXFileReference; lastKnownFileType = sourcecode.swift; path = FollowView.swift; sourceTree = "<group>"; };
		26C6BE6D2BA1F13400D0251C /* VicinityView.swift */ = {isa = PBXFileReference; lastKnownFileType = sourcecode.swift; path = VicinityView.swift; sourceTree = "<group>"; };
		26C6BE702BA315B800D0251C /* ShoppingView.swift */ = {isa = PBXFileReference; lastKnownFileType = sourcecode.swift; path = ShoppingView.swift; sourceTree = "<group>"; };
		26C6BE732BA6EAED00D0251C /* CardData.swift */ = {isa = PBXFileReference; lastKnownFileType = sourcecode.swift; path = CardData.swift; sourceTree = "<group>"; };
		9D6C22382BA18435009951DC /* small-red-book.app */ = {isa = PBXFileReference; explicitFileType = wrapper.application; includeInIndex = 0; path = "small-red-book.app"; sourceTree = BUILT_PRODUCTS_DIR; };
		9D6C223B2BA18435009951DC /* small_red_bookApp.swift */ = {isa = PBXFileReference; lastKnownFileType = sourcecode.swift; path = small_red_bookApp.swift; sourceTree = "<group>"; };
		9D6C223D2BA18435009951DC /* ContentView.swift */ = {isa = PBXFileReference; lastKnownFileType = sourcecode.swift; path = ContentView.swift; sourceTree = "<group>"; };
		9D6C223F2BA18437009951DC /* Assets.xcassets */ = {isa = PBXFileReference; lastKnownFileType = folder.assetcatalog; path = Assets.xcassets; sourceTree = "<group>"; };
		9D6C22422BA18437009951DC /* Preview Assets.xcassets */ = {isa = PBXFileReference; lastKnownFileType = folder.assetcatalog; path = "Preview Assets.xcassets"; sourceTree = "<group>"; };
		9D6C224E2BA29DD6009951DC /* ImageStyle.swift */ = {isa = PBXFileReference; lastKnownFileType = sourcecode.swift; path = ImageStyle.swift; sourceTree = "<group>"; };
		9D6C22532BA2DBD0009951DC /* NavBarView.swift */ = {isa = PBXFileReference; lastKnownFileType = sourcecode.swift; path = NavBarView.swift; sourceTree = "<group>"; };
		9D6C22552BA2DBE4009951DC /* NavBarPopupView.swift */ = {isa = PBXFileReference; lastKnownFileType = sourcecode.swift; path = NavBarPopupView.swift; sourceTree = "<group>"; };
		9D6C22592BA2E9C7009951DC /* ArticleCardView.swift */ = {isa = PBXFileReference; lastKnownFileType = sourcecode.swift; path = ArticleCardView.swift; sourceTree = "<group>"; };
		9D6C225C2BA2EA95009951DC /* TabbarView.swift */ = {isa = PBXFileReference; lastKnownFileType = sourcecode.swift; path = TabbarView.swift; sourceTree = "<group>"; };
		9D6C225F2BA2F3B5009951DC /* MessageView.swift */ = {isa = PBXFileReference; lastKnownFileType = sourcecode.swift; path = MessageView.swift; sourceTree = "<group>"; };
		9D6C22632BA2F623009951DC /* CardView.swift */ = {isa = PBXFileReference; lastKnownFileType = sourcecode.swift; path = CardView.swift; sourceTree = "<group>"; };
		9D6C22652BA3006C009951DC /* TextStyle.swift */ = {isa = PBXFileReference; lastKnownFileType = sourcecode.swift; path = TextStyle.swift; sourceTree = "<group>"; };
		9D6C22682BA307A0009951DC /* MineView.swift */ = {isa = PBXFileReference; lastKnownFileType = sourcecode.swift; path = MineView.swift; sourceTree = "<group>"; };
		9D6C226B2BA3EC2A009951DC /* ArticleDetailView.swift */ = {isa = PBXFileReference; lastKnownFileType = sourcecode.swift; path = ArticleDetailView.swift; sourceTree = "<group>"; };
/* End PBXFileReference section */

/* Begin PBXFrameworksBuildPhase section */
		9D6C22352BA18435009951DC /* Frameworks */ = {
			isa = PBXFrameworksBuildPhase;
			buildActionMask = 2147483647;
			files = (
			);
			runOnlyForDeploymentPostprocessing = 0;
		};
/* End PBXFrameworksBuildPhase section */

/* Begin PBXGroup section */
		267DEE6D2BAB286F002A0525 /* TabbarLayout */ = {
			isa = PBXGroup;
			children = (
				267DEE6E2BAB2887002A0525 /* TabbarLayoutView.swift */,
			);
			path = TabbarLayout;
			sourceTree = "<group>";
		};
		269B06E32BA9D92B006D744C /* Record */ = {
			isa = PBXGroup;
			children = (
				269B06E42BA9D969006D744C /* RecordView.swift */,
			);
			path = Record;
			sourceTree = "<group>";
		};
		26C6BE642BA1EFB700D0251C /* Views */ = {
			isa = PBXGroup;
			children = (
				267DEE6D2BAB286F002A0525 /* TabbarLayout */,
				269B06E32BA9D92B006D744C /* Record */,
				9D6C226A2BA3EC10009951DC /* ArticleDetail */,
				26C6BE6F2BA3159C00D0251C /* Shopping */,
				9D6C22672BA30772009951DC /* Mine */,
				9D6C225E2BA2F3A0009951DC /* Message */,
				26C6BE662BA1EFE200D0251C /* Home */,
			);
			path = Views;
			sourceTree = "<group>";
		};
		26C6BE662BA1EFE200D0251C /* Home */ = {
			isa = PBXGroup;
			children = (
				9D6C22522BA2DB55009951DC /* Components */,
				26C6BE672BA1F00000D0251C /* HomeView.swift */,
			);
			path = Home;
			sourceTree = "<group>";
		};
		26C6BE6F2BA3159C00D0251C /* Shopping */ = {
			isa = PBXGroup;
			children = (
				26C6BE702BA315B800D0251C /* ShoppingView.swift */,
			);
			path = Shopping;
			sourceTree = "<group>";
		};
		26C6BE722BA6E98500D0251C /* Data */ = {
			isa = PBXGroup;
			children = (
				26C6BE732BA6EAED00D0251C /* CardData.swift */,
			);
			path = Data;
			sourceTree = "<group>";
		};
		9D6C222F2BA18435009951DC = {
			isa = PBXGroup;
			children = (
				9D6C223A2BA18435009951DC /* small-red-book */,
				9D6C22392BA18435009951DC /* Products */,
			);
			sourceTree = "<group>";
		};
		9D6C22392BA18435009951DC /* Products */ = {
			isa = PBXGroup;
			children = (
				9D6C22382BA18435009951DC /* small-red-book.app */,
			);
			name = Products;
			sourceTree = "<group>";
		};
		9D6C223A2BA18435009951DC /* small-red-book */ = {
			isa = PBXGroup;
			children = (
				26C6BE722BA6E98500D0251C /* Data */,
				9D6C225B2BA2EA6B009951DC /* Components */,
				9D6C224D2BA29DB5009951DC /* Styles */,
				26C6BE642BA1EFB700D0251C /* Views */,
				9D6C223B2BA18435009951DC /* small_red_bookApp.swift */,
				9D6C223D2BA18435009951DC /* ContentView.swift */,
				9D6C223F2BA18437009951DC /* Assets.xcassets */,
				9D6C22412BA18437009951DC /* Preview Content */,
			);
			path = "small-red-book";
			sourceTree = "<group>";
		};
		9D6C22412BA18437009951DC /* Preview Content */ = {
			isa = PBXGroup;
			children = (
				9D6C22422BA18437009951DC /* Preview Assets.xcassets */,
			);
			path = "Preview Content";
			sourceTree = "<group>";
		};
		9D6C224D2BA29DB5009951DC /* Styles */ = {
			isa = PBXGroup;
			children = (
				9D6C224E2BA29DD6009951DC /* ImageStyle.swift */,
				9D6C22652BA3006C009951DC /* TextStyle.swift */,
			);
			path = Styles;
			sourceTree = "<group>";
		};
		9D6C22522BA2DB55009951DC /* Components */ = {
			isa = PBXGroup;
			children = (
				26C6BE6D2BA1F13400D0251C /* VicinityView.swift */,
				26C6BE6B2BA1F0DD00D0251C /* FollowView.swift */,
				26C6BE692BA1F08100D0251C /* FindView.swift */,
				9D6C22532BA2DBD0009951DC /* NavBarView.swift */,
				9D6C22552BA2DBE4009951DC /* NavBarPopupView.swift */,
				9D6C22592BA2E9C7009951DC /* ArticleCardView.swift */,
				9D6C22632BA2F623009951DC /* CardView.swift */,
			);
			path = Components;
			sourceTree = "<group>";
		};
		9D6C225B2BA2EA6B009951DC /* Components */ = {
			isa = PBXGroup;
			children = (
				9D6C225C2BA2EA95009951DC /* TabbarView.swift */,
			);
			path = Components;
			sourceTree = "<group>";
		};
		9D6C225E2BA2F3A0009951DC /* Message */ = {
			isa = PBXGroup;
			children = (
				9D6C225F2BA2F3B5009951DC /* MessageView.swift */,
			);
			path = Message;
			sourceTree = "<group>";
		};
		9D6C22672BA30772009951DC /* Mine */ = {
			isa = PBXGroup;
			children = (
				9D6C22682BA307A0009951DC /* MineView.swift */,
			);
			path = Mine;
			sourceTree = "<group>";
		};
		9D6C226A2BA3EC10009951DC /* ArticleDetail */ = {
			isa = PBXGroup;
			children = (
				9D6C226B2BA3EC2A009951DC /* ArticleDetailView.swift */,
			);
			path = ArticleDetail;
			sourceTree = "<group>";
		};
/* End PBXGroup section */

/* Begin PBXNativeTarget section */
		9D6C22372BA18435009951DC /* small-red-book */ = {
			isa = PBXNativeTarget;
			buildConfigurationList = 9D6C22462BA18437009951DC /* Build configuration list for PBXNativeTarget "small-red-book" */;
			buildPhases = (
				9D6C22342BA18435009951DC /* Sources */,
				9D6C22352BA18435009951DC /* Frameworks */,
				9D6C22362BA18435009951DC /* Resources */,
			);
			buildRules = (
			);
			dependencies = (
			);
			name = "small-red-book";
			productName = "small-red-book";
			productReference = 9D6C22382BA18435009951DC /* small-red-book.app */;
			productType = "com.apple.product-type.application";
		};
/* End PBXNativeTarget section */

/* Begin PBXProject section */
		9D6C22302BA18435009951DC /* Project object */ = {
			isa = PBXProject;
			attributes = {
				BuildIndependentTargetsInParallel = 1;
				LastSwiftUpdateCheck = 1530;
				LastUpgradeCheck = 1530;
				TargetAttributes = {
					9D6C22372BA18435009951DC = {
						CreatedOnToolsVersion = 15.3;
					};
				};
			};
			buildConfigurationList = 9D6C22332BA18435009951DC /* Build configuration list for PBXProject "small-red-book" */;
			compatibilityVersion = "Xcode 14.0";
			developmentRegion = en;
			hasScannedForEncodings = 0;
			knownRegions = (
				en,
				Base,
			);
			mainGroup = 9D6C222F2BA18435009951DC;
			productRefGroup = 9D6C22392BA18435009951DC /* Products */;
			projectDirPath = "";
			projectRoot = "";
			targets = (
				9D6C22372BA18435009951DC /* small-red-book */,
			);
		};
/* End PBXProject section */

/* Begin PBXResourcesBuildPhase section */
		9D6C22362BA18435009951DC /* Resources */ = {
			isa = PBXResourcesBuildPhase;
			buildActionMask = 2147483647;
			files = (
				9D6C22432BA18437009951DC /* Preview Assets.xcassets in Resources */,
				9D6C22402BA18437009951DC /* Assets.xcassets in Resources */,
			);
			runOnlyForDeploymentPostprocessing = 0;
		};
/* End PBXResourcesBuildPhase section */

/* Begin PBXSourcesBuildPhase section */
		9D6C22342BA18435009951DC /* Sources */ = {
			isa = PBXSourcesBuildPhase;
			buildActionMask = 2147483647;
			files = (
				26C6BE712BA315B800D0251C /* ShoppingView.swift in Sources */,
				9D6C224F2BA29DD6009951DC /* ImageStyle.swift in Sources */,
				26C6BE6C2BA1F0DD00D0251C /* FollowView.swift in Sources */,
				9D6C223E2BA18435009951DC /* ContentView.swift in Sources */,
				9D6C22542BA2DBD0009951DC /* NavBarView.swift in Sources */,
				9D6C22562BA2DBE4009951DC /* NavBarPopupView.swift in Sources */,
				267DEE6F2BAB2887002A0525 /* TabbarLayoutView.swift in Sources */,
				9D6C22602BA2F3B5009951DC /* MessageView.swift in Sources */,
				26C6BE6E2BA1F13400D0251C /* VicinityView.swift in Sources */,
				269B06E52BA9D969006D744C /* RecordView.swift in Sources */,
				9D6C22692BA307A0009951DC /* MineView.swift in Sources */,
				9D6C22642BA2F623009951DC /* CardView.swift in Sources */,
				9D6C226C2BA3EC2A009951DC /* ArticleDetailView.swift in Sources */,
				9D6C225A2BA2E9C7009951DC /* ArticleCardView.swift in Sources */,
				26C6BE6A2BA1F08100D0251C /* FindView.swift in Sources */,
				9D6C22662BA3006C009951DC /* TextStyle.swift in Sources */,
				26C6BE682BA1F00000D0251C /* HomeView.swift in Sources */,
				26C6BE742BA6EAED00D0251C /* CardData.swift in Sources */,
				9D6C223C2BA18435009951DC /* small_red_bookApp.swift in Sources */,
				9D6C225D2BA2EA95009951DC /* TabbarView.swift in Sources */,
			);
			runOnlyForDeploymentPostprocessing = 0;
		};
/* End PBXSourcesBuildPhase section */

/* Begin XCBuildConfiguration section */
		9D6C22442BA18437009951DC /* Debug */ = {
			isa = XCBuildConfiguration;
			buildSettings = {
				ALWAYS_SEARCH_USER_PATHS = NO;
				ASSETCATALOG_COMPILER_GENERATE_SWIFT_ASSET_SYMBOL_EXTENSIONS = YES;
				CLANG_ANALYZER_NONNULL = YES;
				CLANG_ANALYZER_NUMBER_OBJECT_CONVERSION = YES_AGGRESSIVE;
				CLANG_CXX_LANGUAGE_STANDARD = "gnu++20";
				CLANG_ENABLE_MODULES = YES;
				CLANG_ENABLE_OBJC_ARC = YES;
				CLANG_ENABLE_OBJC_WEAK = YES;
				CLANG_WARN_BLOCK_CAPTURE_AUTORELEASING = YES;
				CLANG_WARN_BOOL_CONVERSION = YES;
				CLANG_WARN_COMMA = YES;
				CLANG_WARN_CONSTANT_CONVERSION = YES;
				CLANG_WARN_DEPRECATED_OBJC_IMPLEMENTATIONS = YES;
				CLANG_WARN_DIRECT_OBJC_ISA_USAGE = YES_ERROR;
				CLANG_WARN_DOCUMENTATION_COMMENTS = YES;
				CLANG_WARN_EMPTY_BODY = YES;
				CLANG_WARN_ENUM_CONVERSION = YES;
				CLANG_WARN_INFINITE_RECURSION = YES;
				CLANG_WARN_INT_CONVERSION = YES;
				CLANG_WARN_NON_LITERAL_NULL_CONVERSION = YES;
				CLANG_WARN_OBJC_IMPLICIT_RETAIN_SELF = YES;
				CLANG_WARN_OBJC_LITERAL_CONVERSION = YES;
				CLANG_WARN_OBJC_ROOT_CLASS = YES_ERROR;
				CLANG_WARN_QUOTED_INCLUDE_IN_FRAMEWORK_HEADER = YES;
				CLANG_WARN_RANGE_LOOP_ANALYSIS = YES;
				CLANG_WARN_STRICT_PROTOTYPES = YES;
				CLANG_WARN_SUSPICIOUS_MOVE = YES;
				CLANG_WARN_UNGUARDED_AVAILABILITY = YES_AGGRESSIVE;
				CLANG_WARN_UNREACHABLE_CODE = YES;
				CLANG_WARN__DUPLICATE_METHOD_MATCH = YES;
				COPY_PHASE_STRIP = NO;
				DEBUG_INFORMATION_FORMAT = dwarf;
				ENABLE_STRICT_OBJC_MSGSEND = YES;
				ENABLE_TESTABILITY = YES;
				ENABLE_USER_SCRIPT_SANDBOXING = YES;
				GCC_C_LANGUAGE_STANDARD = gnu17;
				GCC_DYNAMIC_NO_PIC = NO;
				GCC_NO_COMMON_BLOCKS = YES;
				GCC_OPTIMIZATION_LEVEL = 0;
				GCC_PREPROCESSOR_DEFINITIONS = (
					"DEBUG=1",
					"$(inherited)",
				);
				GCC_WARN_64_TO_32_BIT_CONVERSION = YES;
				GCC_WARN_ABOUT_RETURN_TYPE = YES_ERROR;
				GCC_WARN_UNDECLARED_SELECTOR = YES;
				GCC_WARN_UNINITIALIZED_AUTOS = YES_AGGRESSIVE;
				GCC_WARN_UNUSED_FUNCTION = YES;
				GCC_WARN_UNUSED_VARIABLE = YES;
				IPHONEOS_DEPLOYMENT_TARGET = 17.4;
				LOCALIZATION_PREFERS_STRING_CATALOGS = YES;
				MTL_ENABLE_DEBUG_INFO = INCLUDE_SOURCE;
				MTL_FAST_MATH = YES;
				ONLY_ACTIVE_ARCH = YES;
				SDKROOT = iphoneos;
				SWIFT_ACTIVE_COMPILATION_CONDITIONS = "DEBUG $(inherited)";
				SWIFT_OPTIMIZATION_LEVEL = "-Onone";
			};
			name = Debug;
		};
		9D6C22452BA18437009951DC /* Release */ = {
			isa = XCBuildConfiguration;
			buildSettings = {
				ALWAYS_SEARCH_USER_PATHS = NO;
				ASSETCATALOG_COMPILER_GENERATE_SWIFT_ASSET_SYMBOL_EXTENSIONS = YES;
				CLANG_ANALYZER_NONNULL = YES;
				CLANG_ANALYZER_NUMBER_OBJECT_CONVERSION = YES_AGGRESSIVE;
				CLANG_CXX_LANGUAGE_STANDARD = "gnu++20";
				CLANG_ENABLE_MODULES = YES;
				CLANG_ENABLE_OBJC_ARC = YES;
				CLANG_ENABLE_OBJC_WEAK = YES;
				CLANG_WARN_BLOCK_CAPTURE_AUTORELEASING = YES;
				CLANG_WARN_BOOL_CONVERSION = YES;
				CLANG_WARN_COMMA = YES;
				CLANG_WARN_CONSTANT_CONVERSION = YES;
				CLANG_WARN_DEPRECATED_OBJC_IMPLEMENTATIONS = YES;
				CLANG_WARN_DIRECT_OBJC_ISA_USAGE = YES_ERROR;
				CLANG_WARN_DOCUMENTATION_COMMENTS = YES;
				CLANG_WARN_EMPTY_BODY = YES;
				CLANG_WARN_ENUM_CONVERSION = YES;
				CLANG_WARN_INFINITE_RECURSION = YES;
				CLANG_WARN_INT_CONVERSION = YES;
				CLANG_WARN_NON_LITERAL_NULL_CONVERSION = YES;
				CLANG_WARN_OBJC_IMPLICIT_RETAIN_SELF = YES;
				CLANG_WARN_OBJC_LITERAL_CONVERSION = YES;
				CLANG_WARN_OBJC_ROOT_CLASS = YES_ERROR;
				CLANG_WARN_QUOTED_INCLUDE_IN_FRAMEWORK_HEADER = YES;
				CLANG_WARN_RANGE_LOOP_ANALYSIS = YES;
				CLANG_WARN_STRICT_PROTOTYPES = YES;
				CLANG_WARN_SUSPICIOUS_MOVE = YES;
				CLANG_WARN_UNGUARDED_AVAILABILITY = YES_AGGRESSIVE;
				CLANG_WARN_UNREACHABLE_CODE = YES;
				CLANG_WARN__DUPLICATE_METHOD_MATCH = YES;
				COPY_PHASE_STRIP = NO;
				DEBUG_INFORMATION_FORMAT = "dwarf-with-dsym";
				ENABLE_NS_ASSERTIONS = NO;
				ENABLE_STRICT_OBJC_MSGSEND = YES;
				ENABLE_USER_SCRIPT_SANDBOXING = YES;
				GCC_C_LANGUAGE_STANDARD = gnu17;
				GCC_NO_COMMON_BLOCKS = YES;
				GCC_WARN_64_TO_32_BIT_CONVERSION = YES;
				GCC_WARN_ABOUT_RETURN_TYPE = YES_ERROR;
				GCC_WARN_UNDECLARED_SELECTOR = YES;
				GCC_WARN_UNINITIALIZED_AUTOS = YES_AGGRESSIVE;
				GCC_WARN_UNUSED_FUNCTION = YES;
				GCC_WARN_UNUSED_VARIABLE = YES;
				IPHONEOS_DEPLOYMENT_TARGET = 17.4;
				LOCALIZATION_PREFERS_STRING_CATALOGS = YES;
				MTL_ENABLE_DEBUG_INFO = NO;
				MTL_FAST_MATH = YES;
				SDKROOT = iphoneos;
				SWIFT_COMPILATION_MODE = wholemodule;
				VALIDATE_PRODUCT = YES;
			};
			name = Release;
		};
		9D6C22472BA18437009951DC /* Debug */ = {
			isa = XCBuildConfiguration;
			buildSettings = {
				ASSETCATALOG_COMPILER_APPICON_NAME = AppIcon;
				ASSETCATALOG_COMPILER_GLOBAL_ACCENT_COLOR_NAME = AccentColor;
				CODE_SIGN_STYLE = Automatic;
				CURRENT_PROJECT_VERSION = 1;
				DEVELOPMENT_ASSET_PATHS = "\"small-red-book/Preview Content\"";
				ENABLE_PREVIEWS = YES;
				GENERATE_INFOPLIST_FILE = YES;
				INFOPLIST_KEY_UIApplicationSceneManifest_Generation = YES;
				INFOPLIST_KEY_UIApplicationSupportsIndirectInputEvents = YES;
				INFOPLIST_KEY_UILaunchScreen_Generation = YES;
				INFOPLIST_KEY_UISupportedInterfaceOrientations_iPad = "UIInterfaceOrientationPortrait UIInterfaceOrientationPortraitUpsideDown UIInterfaceOrientationLandscapeLeft UIInterfaceOrientationLandscapeRight";
				INFOPLIST_KEY_UISupportedInterfaceOrientations_iPhone = "UIInterfaceOrientationPortrait UIInterfaceOrientationLandscapeLeft UIInterfaceOrientationLandscapeRight";
				LD_RUNPATH_SEARCH_PATHS = (
					"$(inherited)",
					"@executable_path/Frameworks",
				);
				MARKETING_VERSION = 1.0;
				PRODUCT_BUNDLE_IDENTIFIER = "Tyh2001.small-red-book";
				PRODUCT_NAME = "$(TARGET_NAME)";
				SWIFT_EMIT_LOC_STRINGS = YES;
				SWIFT_VERSION = 5.0;
				TARGETED_DEVICE_FAMILY = "1,2";
			};
			name = Debug;
		};
		9D6C22482BA18437009951DC /* Release */ = {
			isa = XCBuildConfiguration;
			buildSettings = {
				ASSETCATALOG_COMPILER_APPICON_NAME = AppIcon;
				ASSETCATALOG_COMPILER_GLOBAL_ACCENT_COLOR_NAME = AccentColor;
				CODE_SIGN_STYLE = Automatic;
				CURRENT_PROJECT_VERSION = 1;
				DEVELOPMENT_ASSET_PATHS = "\"small-red-book/Preview Content\"";
				ENABLE_PREVIEWS = YES;
				GENERATE_INFOPLIST_FILE = YES;
				INFOPLIST_KEY_UIApplicationSceneManifest_Generation = YES;
				INFOPLIST_KEY_UIApplicationSupportsIndirectInputEvents = YES;
				INFOPLIST_KEY_UILaunchScreen_Generation = YES;
				INFOPLIST_KEY_UISupportedInterfaceOrientations_iPad = "UIInterfaceOrientationPortrait UIInterfaceOrientationPortraitUpsideDown UIInterfaceOrientationLandscapeLeft UIInterfaceOrientationLandscapeRight";
				INFOPLIST_KEY_UISupportedInterfaceOrientations_iPhone = "UIInterfaceOrientationPortrait UIInterfaceOrientationLandscapeLeft UIInterfaceOrientationLandscapeRight";
				LD_RUNPATH_SEARCH_PATHS = (
					"$(inherited)",
					"@executable_path/Frameworks",
				);
				MARKETING_VERSION = 1.0;
				PRODUCT_BUNDLE_IDENTIFIER = "Tyh2001.small-red-book";
				PRODUCT_NAME = "$(TARGET_NAME)";
				SWIFT_EMIT_LOC_STRINGS = YES;
				SWIFT_VERSION = 5.0;
				TARGETED_DEVICE_FAMILY = "1,2";
			};
			name = Release;
		};
/* End XCBuildConfiguration section */

/* Begin XCConfigurationList section */
		9D6C22332BA18435009951DC /* Build configuration list for PBXProject "small-red-book" */ = {
			isa = XCConfigurationList;
			buildConfigurations = (
				9D6C22442BA18437009951DC /* Debug */,
				9D6C22452BA18437009951DC /* Release */,
			);
			defaultConfigurationIsVisible = 0;
			defaultConfigurationName = Release;
		};
		9D6C22462BA18437009951DC /* Build configuration list for PBXNativeTarget "small-red-book" */ = {
			isa = XCConfigurationList;
			buildConfigurations = (
				9D6C22472BA18437009951DC /* Debug */,
				9D6C22482BA18437009951DC /* Release */,
			);
			defaultConfigurationIsVisible = 0;
			defaultConfigurationName = Release;
		};
/* End XCConfigurationList section */
	};
	rootObject = 9D6C22302BA18435009951DC /* Project object */;
}
